{
  "name": "da7em",
  "version": "1.0.0",
  "lockfileVersion": 3,
  "requires": true,
  "packages": {
    "": {
      "name": "da7em",
      "version": "1.0.0",
      "license": "CC-BY-4.0",
      "devDependencies": {
        "playwright": "^1.62.1"
      },
      "engines": {
        "node": ">=20"
      }
    },
    "../.local/lib/node_modules/playwright": {
      "version": "1.62.1",
      "dev": true,
      "license": "Apache-2.0",
      "dependencies": {
        "playwright-core": "1.62.1"
      },
      "bin": {
        "playwright": "cli.js"
      },
      "engines": {
        "node": ">=20"
      },
      "optionalDependencies": {
        "fsevents": "2.3.2"
      }
    },
    "../.local/lib/node_modules/playwright/node_modules/playwright-core": {
      "version": "1.62.1",
      "dev": true,
      "license": "Apache-2.0",
      "bin": {
        "playwright-core": "cli.js"
      },
      "engines": {
        "node": ">=20"
      }
    },
    "node_modules/playwright": {
      "resolved": "../.local/lib/node_modules/playwright",
      "link": true
    }
  }
}
